// !$*UTF8*$!
{
	archiveVersion = 1;
	classes = {
	};
	objectVersion = 46;
	objects = {

/* Begin PBXBuildFile section */
		1CA456251B319BFF00F94A9D /* AppDelegate.swift in Sources */ = {isa = PBXBuildFile; fileRef = 1CA456241B319BFF00F94A9D /* AppDelegate.swift */; };
		1CA4562A1B319BFF00F94A9D /* Main.storyboard in Resources */ = {isa = PBXBuildFile; fileRef = 1CA456281B319BFF00F94A9D /* Main.storyboard */; };
		1CA4562C1B319BFF00F94A9D /* Images.xcassets in Resources */ = {isa = PBXBuildFile; fileRef = 1CA4562B1B319BFF00F94A9D /* Images.xcassets */; };
		1CA4562F1B319BFF00F94A9D /* LaunchScreen.xib in Resources */ = {isa = PBXBuildFile; fileRef = 1CA4562D1B319BFF00F94A9D /* LaunchScreen.xib */; };
		1CA4563B1B319BFF00F94A9D /* SWGaugeTests.swift in Sources */ = {isa = PBXBuildFile; fileRef = 1CA4563A1B319BFF00F94A9D /* SWGaugeTests.swift */; };
		1CA456731B31A8A900F94A9D /* MainViewController.swift in Sources */ = {isa = PBXBuildFile; fileRef = 1CA456721B31A8A900F94A9D /* MainViewController.swift */; };
		1CA456751B31AC5500F94A9D /* SWGaugeKit.framework in Frameworks */ = {isa = PBXBuildFile; fileRef = 1CA456741B31AC5500F94A9D /* SWGaugeKit.framework */; };
/* End PBXBuildFile section */

/* Begin PBXContainerItemProxy section */
		1CA456351B319BFF00F94A9D /* PBXContainerItemProxy */ = {
			isa = PBXContainerItemProxy;
			containerPortal = 1CA456171B319BFF00F94A9D /* Project object */;
			proxyType = 1;
			remoteGlobalIDString = 1CA4561E1B319BFF00F94A9D;
			remoteInfo = SWGauge;
		};
/* End PBXContainerItemProxy section */

/* Begin PBXFileReference section */
		1CA4561F1B319BFF00F94A9D /* SWGauge.app */ = {isa = PBXFileReference; explicitFileType = wrapper.application; includeInIndex = 0; path = SWGauge.app; sourceTree = BUILT_PRODUCTS_DIR; };
		1CA456231B319BFF00F94A9D /* Info.plist */ = {isa = PBXFileReference; lastKnownFileType = text.plist.xml; path = Info.plist; sourceTree = "<group>"; };
		1CA456241B319BFF00F94A9D /* AppDelegate.swift */ = {isa = PBXFileReference; lastKnownFileType = sourcecode.swift; path = AppDelegate.swift; sourceTree = "<group>"; };
		1CA456291B319BFF00F94A9D /* Base */ = {isa = PBXFileReference; lastKnownFileType = file.storyboard; name = Base; path = Base.lproj/Main.storyboard; sourceTree = "<group>"; };
		1CA4562B1B319BFF00F94A9D /* Images.xcassets */ = {isa = PBXFileReference; lastKnownFileType = folder.assetcatalog; path = Images.xcassets; sourceTree = "<group>"; };
		1CA4562E1B319BFF00F94A9D /* Base */ = {isa = PBXFileReference; lastKnownFileType = file.xib; name = Base; path = Base.lproj/LaunchScreen.xib; sourceTree = "<group>"; };
		1CA456341B319BFF00F94A9D /* SWGaugeTests.xctest */ = {isa = PBXFileReference; explicitFileType = wrapper.cfbundle; includeInIndex = 0; path = SWGaugeTests.xctest; sourceTree = BUILT_PRODUCTS_DIR; };
		1CA456391B319BFF00F94A9D /* Info.plist */ = {isa = PBXFileReference; lastKnownFileType = text.plist.xml; path = Info.plist; sourceTree = "<group>"; };
		1CA4563A1B319BFF00F94A9D /* SWGaugeTests.swift */ = {isa = PBXFileReference; lastKnownFileType = sourcecode.swift; path = SWGaugeTests.swift; sourceTree = "<group>"; };
		1CA456721B31A8A900F94A9D /* MainViewController.swift */ = {isa = PBXFileReference; fileEncoding = 4; lastKnownFileType = sourcecode.swift; path = MainViewController.swift; sourceTree = "<group>"; };
		1CA456741B31AC5500F94A9D /* SWGaugeKit.framework */ = {isa = PBXFileReference; lastKnownFileType = wrapper.framework; name = SWGaugeKit.framework; path = "SWGaugeKit/build/Debug-iphoneos/SWGaugeKit.framework"; sourceTree = "<group>"; };
/* End PBXFileReference section */

/* Begin PBXFrameworksBuildPhase section */
		1CA4561C1B319BFF00F94A9D /* Frameworks */ = {
			isa = PBXFrameworksBuildPhase;
			buildActionMask = 2147483647;
			files = (
				1CA456751B31AC5500F94A9D /* SWGaugeKit.framework in Frameworks */,
			);
			runOnlyForDeploymentPostprocessing = 0;
		};
		1CA456311B319BFF00F94A9D /* Frameworks */ = {
			isa = PBXFrameworksBuildPhase;
			buildActionMask = 2147483647;
			files = (
			);
			runOnlyForDeploymentPostprocessing = 0;
		};
/* End PBXFrameworksBuildPhase section */

/* Begin PBXGroup section */
		1CA456161B319BFF00F94A9D = {
			isa = PBXGroup;
			children = (
				1CA456741B31AC5500F94A9D /* SWGaugeKit.framework */,
				1CA456211B319BFF00F94A9D /* SWGauge */,
				1CA456371B319BFF00F94A9D /* SWGaugeTests */,
				1CA456201B319BFF00F94A9D /* Products */,
			);
			sourceTree = "<group>";
		};
		1CA456201B319BFF00F94A9D /* Products */ = {
			isa = PBXGroup;
			children = (
				1CA4561F1B319BFF00F94A9D /* SWGauge.app */,
				1CA456341B319BFF00F94A9D /* SWGaugeTests.xctest */,
			);
			name = Products;
			sourceTree = "<group>";
		};
		1CA456211B319BFF00F94A9D /* SWGauge */ = {
			isa = PBXGroup;
			children = (
				1CA456721B31A8A900F94A9D /* MainViewController.swift */,
				1CA456241B319BFF00F94A9D /* AppDelegate.swift */,
				1CA456281B319BFF00F94A9D /* Main.storyboard */,
				1CA4562B1B319BFF00F94A9D /* Images.xcassets */,
				1CA4562D1B319BFF00F94A9D /* LaunchScreen.xib */,
				1CA456221B319BFF00F94A9D /* Supporting Files */,
			);
			path = SWGauge;
			sourceTree = "<group>";
		};
		1CA456221B319BFF00F94A9D /* Supporting Files */ = {
			isa = PBXGroup;
			children = (
				1CA456231B319BFF00F94A9D /* Info.plist */,
			);
			name = "Supporting Files";
			sourceTree = "<group>";
		};
		1CA456371B319BFF00F94A9D /* SWGaugeTests */ = {
			isa = PBXGroup;
			children = (
				1CA4563A1B319BFF00F94A9D /* SWGaugeTests.swift */,
				1CA456381B319BFF00F94A9D /* Supporting Files */,
			);
			path = SWGaugeTests;
			sourceTree = "<group>";
		};
		1CA456381B319BFF00F94A9D /* Supporting Files */ = {
			isa = PBXGroup;
			children = (
				1CA456391B319BFF00F94A9D /* Info.plist */,
			);
			name = "Supporting Files";
			sourceTree = "<group>";
		};
/* End PBXGroup section */

/* Begin PBXNativeTarget section */
		1CA4561E1B319BFF00F94A9D /* SWGauge */ = {
			isa = PBXNativeTarget;
			buildConfigurationList = 1CA4563E1B319BFF00F94A9D /* Build configuration list for PBXNativeTarget "SWGauge" */;
			buildPhases = (
				1CA4561B1B319BFF00F94A9D /* Sources */,
				1CA4561C1B319BFF00F94A9D /* Frameworks */,
				1CA4561D1B319BFF00F94A9D /* Resources */,
			);
			buildRules = (
			);
			dependencies = (
			);
			name = SWGauge;
			productName = SWGauge;
			productReference = 1CA4561F1B319BFF00F94A9D /* SWGauge.app */;
			productType = "com.apple.product-type.application";
		};
		1CA456331B319BFF00F94A9D /* SWGaugeTests */ = {
			isa = PBXNativeTarget;
			buildConfigurationList = 1CA456411B319BFF00F94A9D /* Build configuration list for PBXNativeTarget "SWGaugeTests" */;
			buildPhases = (
				1CA456301B319BFF00F94A9D /* Sources */,
				1CA456311B319BFF00F94A9D /* Frameworks */,
				1CA456321B319BFF00F94A9D /* Resources */,
			);
			buildRules = (
			);
			dependencies = (
				1CA456361B319BFF00F94A9D /* PBXTargetDependency */,
			);
			name = SWGaugeTests;
			productName = SWGaugeTests;
			productReference = 1CA456341B319BFF00F94A9D /* SWGaugeTests.xctest */;
			productType = "com.apple.product-type.bundle.unit-test";
		};
/* End PBXNativeTarget section */

/* Begin PBXProject section */
		1CA456171B319BFF00F94A9D /* Project object */ = {
			isa = PBXProject;
			attributes = {
				LastUpgradeCheck = 0630;
				ORGANIZATIONNAME = "Petr Korolev";
				TargetAttributes = {
					1CA4561E1B319BFF00F94A9D = {
						CreatedOnToolsVersion = 6.3.1;
					};
					1CA456331B319BFF00F94A9D = {
						CreatedOnToolsVersion = 6.3.1;
						TestTargetID = 1CA4561E1B319BFF00F94A9D;
					};
				};
			};
			buildConfigurationList = 1CA4561A1B319BFF00F94A9D /* Build configuration list for PBXProject "SWGauge" */;
			compatibilityVersion = "Xcode 3.2";
			developmentRegion = English;
			hasScannedForEncodings = 0;
			knownRegions = (
				en,
				Base,
			);
			mainGroup = 1CA456161B319BFF00F94A9D;
			productRefGroup = 1CA456201B319BFF00F94A9D /* Products */;
			projectDirPath = "";
			projectRoot = "";
			targets = (
				1CA4561E1B319BFF00F94A9D /* SWGauge */,
				1CA456331B319BFF00F94A9D /* SWGaugeTests */,
			);
		};
/* End PBXProject section */

/* Begin PBXResourcesBuildPhase section */
		1CA4561D1B319BFF00F94A9D /* Resources */ = {
			isa = PBXResourcesBuildPhase;
			buildActionMask = 2147483647;
			files = (
				1CA4562A1B319BFF00F94A9D /* Main.storyboard in Resources */,
				1CA4562F1B319BFF00F94A9D /* LaunchScreen.xib in Resources */,
				1CA4562C1B319BFF00F94A9D /* Images.xcassets in Resources */,
			);
			runOnlyForDeploymentPostprocessing = 0;
		};
		1CA456321B319BFF00F94A9D /* Resources */ = {
			isa = PBXResourcesBuildPhase;
			buildActionMask = 2147483647;
			files = (
			);
			runOnlyForDeploymentPostprocessing = 0;
		};
/* End PBXResourcesBuildPhase section */

/* Begin PBXSourcesBuildPhase section */
		1CA4561B1B319BFF00F94A9D /* Sources */ = {
			isa = PBXSourcesBuildPhase;
			buildActionMask = 2147483647;
			files = (
				1CA456731B31A8A900F94A9D /* MainViewController.swift in Sources */,
				1CA456251B319BFF00F94A9D /* AppDelegate.swift in Sources */,
			);
			runOnlyForDeploymentPostprocessing = 0;
		};
		1CA456301B319BFF00F94A9D /* Sources */ = {
			isa = PBXSourcesBuildPhase;
			buildActionMask = 2147483647;
			files = (
				1CA4563B1B319BFF00F94A9D /* SWGaugeTests.swift in Sources */,
			);
			runOnlyForDeploymentPostprocessing = 0;
		};
/* End PBXSourcesBuildPhase section */

/* Begin PBXTargetDependency section */
		1CA456361B319BFF00F94A9D /* PBXTargetDependency */ = {
			isa = PBXTargetDependency;
			target = 1CA4561E1B319BFF00F94A9D /* SWGauge */;
			targetProxy = 1CA456351B319BFF00F94A9D /* PBXContainerItemProxy */;
		};
/* End PBXTargetDependency section */

/* Begin PBXVariantGroup section */
		1CA456281B319BFF00F94A9D /* Main.storyboard */ = {
			isa = PBXVariantGroup;
			children = (
				1CA456291B319BFF00F94A9D /* Base */,
			);
			name = Main.storyboard;
			sourceTree = "<group>";
		};
		1CA4562D1B319BFF00F94A9D /* LaunchScreen.xib */ = {
			isa = PBXVariantGroup;
			children = (
				1CA4562E1B319BFF00F94A9D /* Base */,
			);
			name = LaunchScreen.xib;
			sourceTree = "<group>";
		};
/* End PBXVariantGroup section */

/* Begin XCBuildConfiguration section */
		1CA4563C1B319BFF00F94A9D /* Debug */ = {
			isa = XCBuildConfiguration;
			buildSettings = {
				ALWAYS_SEARCH_USER_PATHS = NO;
				CLANG_CXX_LANGUAGE_STANDARD = "gnu++0x";
				CLANG_CXX_LIBRARY = "libc++";
				CLANG_ENABLE_MODULES = YES;
				CLANG_ENABLE_OBJC_ARC = YES;
				CLANG_WARN_BOOL_CONVERSION = YES;
				CLANG_WARN_CONSTANT_CONVERSION = YES;
				CLANG_WARN_DIRECT_OBJC_ISA_USAGE = YES_ERROR;
				CLANG_WARN_EMPTY_BODY = YES;
				CLANG_WARN_ENUM_CONVERSION = YES;
				CLANG_WARN_INT_CONVERSION = YES;
				CLANG_WARN_OBJC_ROOT_CLASS = YES_ERROR;
				CLANG_WARN_UNREACHABLE_CODE = YES;
				CLANG_WARN__DUPLICATE_METHOD_MATCH = YES;
				"CODE_SIGN_IDENTITY[sdk=iphoneos*]" = "iPhone Developer";
				COPY_PHASE_STRIP = NO;
				DEBUG_INFORMATION_FORMAT = "dwarf-with-dsym";
				ENABLE_STRICT_OBJC_MSGSEND = YES;
				GCC_C_LANGUAGE_STANDARD = gnu99;
				GCC_DYNAMIC_NO_PIC = NO;
				GCC_NO_COMMON_BLOCKS = YES;
				GCC_OPTIMIZATION_LEVEL = 0;
				GCC_PREPROCESSOR_DEFINITIONS = (
					"DEBUG=1",
					"$(inherited)",
				);
				GCC_SYMBOLS_PRIVATE_EXTERN = NO;
				GCC_WARN_64_TO_32_BIT_CONVERSION = YES;
				GCC_WARN_ABOUT_RETURN_TYPE = YES_ERROR;
				GCC_WARN_UNDECLARED_SELECTOR = YES;
				GCC_WARN_UNINITIALIZED_AUTOS = YES_AGGRESSIVE;
				GCC_WARN_UNUSED_FUNCTION = YES;
				GCC_WARN_UNUSED_VARIABLE = YES;
				IPHONEOS_DEPLOYMENT_TARGET = 8.3;
				MTL_ENABLE_DEBUG_INFO = YES;
				ONLY_ACTIVE_ARCH = YES;
				SDKROOT = iphoneos;
				SWIFT_OPTIMIZATION_LEVEL = "-Onone";
				TARGETED_DEVICE_FAMILY = "1,2";
			};
			name = Debug;
		};
		1CA4563D1B319BFF00F94A9D /* Release */ = {
			isa = XCBuildConfiguration;
			buildSettings = {
				ALWAYS_SEARCH_USER_PATHS = NO;
				CLANG_CXX_LANGUAGE_STANDARD = "gnu++0x";
				CLANG_CXX_LIBRARY = "libc++";
				CLANG_ENABLE_MODULES = YES;
				CLANG_ENABLE_OBJC_ARC = YES;
				CLANG_WARN_BOOL_CONVERSION = YES;
				CLANG_WARN_CONSTANT_CONVERSION = YES;
				CLANG_WARN_DIRECT_OBJC_ISA_USAGE = YES_ERROR;
				CLANG_WARN_EMPTY_BODY = YES;
				CLANG_WARN_ENUM_CONVERSION = YES;
				CLANG_WARN_INT_CONVERSION = YES;
				CLANG_WARN_OBJC_ROOT_CLASS = YES_ERROR;
				CLANG_WARN_UNREACHABLE_CODE = YES;
				CLANG_WARN__DUPLICATE_METHOD_MATCH = YES;
				"CODE_SIGN_IDENTITY[sdk=iphoneos*]" = "iPhone Developer";
				COPY_PHASE_STRIP = NO;
				DEBUG_INFORMATION_FORMAT = "dwarf-with-dsym";
				ENABLE_NS_ASSERTIONS = NO;
				ENABLE_STRICT_OBJC_MSGSEND = YES;
				GCC_C_LANGUAGE_STANDARD = gnu99;
				GCC_NO_COMMON_BLOCKS = YES;
				GCC_WARN_64_TO_32_BIT_CONVERSION = YES;
				GCC_WARN_ABOUT_RETURN_TYPE = YES_ERROR;
				GCC_WARN_UNDECLARED_SELECTOR = YES;
				GCC_WARN_UNINITIALIZED_AUTOS = YES_AGGRESSIVE;
				GCC_WARN_UNUSED_FUNCTION = YES;
				GCC_WARN_UNUSED_VARIABLE = YES;
				IPHONEOS_DEPLOYMENT_TARGET = 8.3;
				MTL_ENABLE_DEBUG_INFO = NO;
				SDKROOT = iphoneos;
				TARGETED_DEVICE_FAMILY = "1,2";
				VALIDATE_PRODUCT = YES;
			};
			name = Release;
		};
		1CA4563F1B319BFF00F94A9D /* Debug */ = {
			isa = XCBuildConfiguration;
			buildSettings = {
				ASSETCATALOG_COMPILER_APPICON_NAME = AppIcon;
				FRAMEWORK_SEARCH_PATHS = (
					"$(inherited)",
					"$(PROJECT_DIR)/SWGaugeKit/build/Debug-iphoneos",
				);
				INFOPLIST_FILE = SWGauge/Info.plist;
				LD_RUNPATH_SEARCH_PATHS = "$(inherited) @executable_path/Frameworks";
				PRODUCT_NAME = "$(TARGET_NAME)";
			};
			name = Debug;
		};
		1CA456401B319BFF00F94A9D /* Release */ = {
			isa = XCBuildConfiguration;
			buildSettings = {
				ASSETCATALOG_COMPILER_APPICON_NAME = AppIcon;
				FRAMEWORK_SEARCH_PATHS = (
					"$(inherited)",
					"$(PROJECT_DIR)/SWGaugeKit/build/Debug-iphoneos",
				);
				INFOPLIST_FILE = SWGauge/Info.plist;
				LD_RUNPATH_SEARCH_PATHS = "$(inherited) @executable_path/Frameworks";
				PRODUCT_NAME = "$(TARGET_NAME)";
			};
			name = Release;
		};
		1CA456421B319BFF00F94A9D /* Debug */ = {
			isa = XCBuildConfiguration;
			buildSettings = {
				BUNDLE_LOADER = "$(TEST_HOST)";
				FRAMEWORK_SEARCH_PATHS = (
					"$(SDKROOT)/Developer/Library/Frameworks",
					"$(inherited)",
				);
				GCC_PREPROCESSOR_DEFINITIONS = (
					"DEBUG=1",
					"$(inherited)",
				);
				INFOPLIST_FILE = SWGaugeTests/Info.plist;
				LD_RUNPATH_SEARCH_PATHS = "$(inherited) @executable_path/Frameworks @loader_path/Frameworks";
				PRODUCT_NAME = "$(TARGET_NAME)";
				TEST_HOST = "$(BUILT_PRODUCTS_DIR)/SWGauge.app/SWGauge";
			};
			name = Debug;
		};
		1CA456431B319BFF00F94A9D /* Release */ = {
			isa = XCBuildConfiguration;
			buildSettings = {
				BUNDLE_LOADER = "$(TEST_HOST)";
				FRAMEWORK_SEARCH_PATHS = (
					"$(SDKROOT)/Developer/Library/Frameworks",
					"$(inherited)",
				);
				INFOPLIST_FILE = SWGaugeTests/Info.plist;
				LD_RUNPATH_SEARCH_PATHS = "$(inherited) @executable_path/Frameworks @loader_path/Frameworks";
				PRODUCT_NAME = "$(TARGET_NAME)";
				TEST_HOST = "$(BUILT_PRODUCTS_DIR)/SWGauge.app/SWGauge";
			};
			name = Release;
		};
/* End XCBuildConfiguration section */

/* Begin XCConfigurationList section */
		1CA4561A1B319BFF00F94A9D /* Build configuration list for PBXProject "SWGauge" */ = {
			isa = XCConfigurationList;
			buildConfigurations = (
				1CA4563C1B319BFF00F94A9D /* Debug */,
				1CA4563D1B319BFF00F94A9D /* Release */,
			);
			defaultConfigurationIsVisible = 0;
			defaultConfigurationName = Release;
		};
		1CA4563E1B319BFF00F94A9D /* Build configuration list for PBXNativeTarget "SWGauge" */ = {
			isa = XCConfigurationList;
			buildConfigurations = (
				1CA4563F1B319BFF00F94A9D /* Debug */,
				1CA456401B319BFF00F94A9D /* Release */,
			);
			defaultConfigurationIsVisible = 0;
		};
		1CA456411B319BFF00F94A9D /* Build configuration list for PBXNativeTarget "SWGaugeTests" */ = {
			isa = XCConfigurationList;
			buildConfigurations = (
				1CA456421B319BFF00F94A9D /* Debug */,
				1CA456431B319BFF00F94A9D /* Release */,
			);
			defaultConfigurationIsVisible = 0;
		};
/* End XCConfigurationList section */
	};
	rootObject = 1CA456171B319BFF00F94A9D /* Project object */;
}
